<?xml version="1.0" encoding="utf-8"?>
<Project ToolsVersion="4.0" xmlns="http://schemas.microsoft.com/developer/msbuild/2003">
  <ItemGroup>
    <Filter Include="Source Files">
      <UniqueIdentifier>{4FC737F1-C7A5-4376-A066-2A32D752A2FF}</UniqueIdentifier>
      <Extensions>cpp;cxx;c;def</Extensions>
    </Filter>
    <Filter Include="Header Files">
      <UniqueIdentifier>{93995380-89BD-4b04-88EB-625FBE52EBFB}</UniqueIdentifier>
      <Extensions>h</Extensions>
    </Filter>
    <Filter Include="Form Files">
      <UniqueIdentifier>{99349809-55BA-4b9d-BF79-8FDBB0286EB3}</UniqueIdentifier>
      <Extensions>ui</Extensions>
    </Filter>
    <Filter Include="Resource Files">
      <UniqueIdentifier>{D9D6E242-F8AF-46E4-B9FD-80ECBC20BA3E}</UniqueIdentifier>
      <Extensions>qrc;*</Extensions>
      <ParseFiles>false</ParseFiles>
    </Filter>
    <Filter Include="Generated Files">
      <UniqueIdentifier>{71ED8ED8-ACB9-4CE9-BBE1-E00B30144E11}</UniqueIdentifier>
      <Extensions>moc;h;cpp</Extensions>
      <SourceControlFiles>False</SourceControlFiles>
    </Filter>
    <Filter Include="Generated Files\Debug">
      <UniqueIdentifier>{6f4b3e62-43ab-4001-adbb-a1f507bbcd4c}</UniqueIdentifier>
      <Extensions>cpp;moc</Extensions>
      <SourceControlFiles>False</SourceControlFiles>
    </Filter>
    <Filter Include="Generated Files\Release">
      <UniqueIdentifier>{d1209e64-3319-4ea5-aca3-f932fbbe3460}</UniqueIdentifier>
      <Extensions>cpp;moc</Extensions>
      <SourceControlFiles>False</SourceControlFiles>
    </Filter>
    <Filter Include="GL Files">
      <UniqueIdentifier>{858d36f7-d14b-409a-880e-632626ffe9c1}</UniqueIdentifier>
    </Filter>
    <Filter Include="My Files">
      <UniqueIdentifier>{545d18e5-6707-4843-9826-8ce81a0e45ee}</UniqueIdentifier>
    </Filter>
  </ItemGroup>
  <ItemGroup>
    <ClCompile Include="main.cpp">
      <Filter>Source Files</Filter>
    </ClCompile>
    <ClCompile Include="measureone.cpp">
      <Filter>Source Files</Filter>
    </ClCompile>
    <ClCompile Include="GeneratedFiles\Debug\moc_measureone.cpp">
      <Filter>Generated Files\Debug</Filter>
    </ClCompile>
    <ClCompile Include="GeneratedFiles\Release\moc_measureone.cpp">
      <Filter>Generated Files\Release</Filter>
    </ClCompile>
    <ClCompile Include="GeneratedFiles\qrc_measureone.cpp">
      <Filter>Generated Files</Filter>
    </ClCompile>
    <ClCompile Include="GeneratedFiles\Debug\moc_cameracontroller.cpp">
      <Filter>Generated Files\Debug</Filter>
    </ClCompile>
    <ClCompile Include="GeneratedFiles\Release\moc_cameracontroller.cpp">
      <Filter>Generated Files\Release</Filter>
    </ClCompile>
    <ClCompile Include="GeneratedFiles\Debug\moc_motioncontroller.cpp">
      <Filter>Generated Files\Debug</Filter>
    </ClCompile>
    <ClCompile Include="GeneratedFiles\Release\moc_motioncontroller.cpp">
      <Filter>Generated Files\Release</Filter>
    </ClCompile>
    <ClCompile Include="GeneratedFiles\Debug\moc_calibr.cpp">
      <Filter>Generated Files\Debug</Filter>
    </ClCompile>
    <ClCompile Include="GeneratedFiles\Release\moc_calibr.cpp">
      <Filter>Generated Files\Release</Filter>
    </ClCompile>
    <ClCompile Include="GeneratedFiles\Debug\moc_showlabel.cpp">
      <Filter>Generated Files\Debug</Filter>
    </ClCompile>
    <ClCompile Include="GeneratedFiles\Release\moc_showlabel.cpp">
      <Filter>Generated Files\Release</Filter>
    </ClCompile>
    <ClCompile Include="showlabel.cpp">
      <Filter>Source Files</Filter>
    </ClCompile>
    <ClCompile Include="measurelabel.cpp">
      <Filter>Source Files</Filter>
    </ClCompile>
    <ClCompile Include="GeneratedFiles\Debug\moc_measurelabel.cpp">
      <Filter>Generated Files\Debug</Filter>
    </ClCompile>
    <ClCompile Include="GeneratedFiles\Release\moc_measurelabel.cpp">
      <Filter>Generated Files\Release</Filter>
    </ClCompile>
    <ClCompile Include="GeneratedFiles\Debug\moc_modelwidget.cpp">
      <Filter>Generated Files\Debug</Filter>
    </ClCompile>
    <ClCompile Include="GeneratedFiles\Release\moc_modelwidget.cpp">
      <Filter>Generated Files\Release</Filter>
    </ClCompile>
    <ClCompile Include="modelwidget.cpp">
      <Filter>GL Files</Filter>
    </ClCompile>
    <ClCompile Include="Transform3D.cpp">
      <Filter>GL Files</Filter>
    </ClCompile>
    <ClCompile Include="calibr.cpp">
      <Filter>My Files</Filter>
    </ClCompile>
    <ClCompile Include="vwdb.cpp">
      <Filter>My Files</Filter>
    </ClCompile>
    <ClCompile Include="motioncontroller.cpp">
      <Filter>My Files</Filter>
    </ClCompile>
    <ClCompile Include="cameracontroller.cpp">
      <Filter>My Files</Filter>
    </ClCompile>
    <ClCompile Include="imageprocess.cpp">
      <Filter>My Files</Filter>
    </ClCompile>
  </ItemGroup>
  <ItemGroup>
    <CustomBuild Include="measureone.h">
      <Filter>Header Files</Filter>
    </CustomBuild>
    <CustomBuild Include="measureone.ui">
      <Filter>Form Files</Filter>
    </CustomBuild>
    <CustomBuild Include="measureone.qrc">
      <Filter>Resource Files</Filter>
    </CustomBuild>
    <CustomBuild Include="showlabel.h">
      <Filter>Header Files</Filter>
    </CustomBuild>
    <CustomBuild Include="measurelabel.h">
      <Filter>Header Files</Filter>
    </CustomBuild>
    <CustomBuild Include="modelwidget.h">
      <Filter>GL Files</Filter>
    </CustomBuild>
    <CustomBuild Include="calibr.h">
      <Filter>My Files</Filter>
    </CustomBuild>
    <CustomBuild Include="cameracontroller.h">
      <Filter>My Files</Filter>
    </CustomBuild>
    <CustomBuild Include="motioncontroller.h">
      <Filter>My Files</Filter>
    </CustomBuild>
  </ItemGroup>
  <ItemGroup>
    <ClInclude Include="GeneratedFiles\ui_measureone.h">
      <Filter>Generated Files</Filter>
    </ClInclude>
    <ClInclude Include="Transform3D.h">
      <Filter>GL Files</Filter>
    </ClInclude>
    <ClInclude Include="calidata.h">
      <Filter>My Files</Filter>
    </ClInclude>
    <ClInclude Include="common.h">
      <Filter>My Files</Filter>
    </ClInclude>
    <ClInclude Include="exps.h">
      <Filter>My Files</Filter>
    </ClInclude>
    <ClInclude Include="imageprocess.h">
      <Filter>My Files</Filter>
    </ClInclude>
    <ClInclude Include="vwdb.h">
      <Filter>My Files</Filter>
    </ClInclude>
    <ClInclude Include="vertex.h">
      <Filter>GL Files</Filter>
    </ClInclude>
    <ClInclude Include="Camera.h">
      <Filter>GL Files</Filter>
    </ClInclude>
  </ItemGroup>
  <ItemGroup>
    <None Include="shaders\simple.frag">
      <Filter>GL Files</Filter>
    </None>
    <None Include="shaders\simple.vert">
      <Filter>GL Files</Filter>
    </None>
  </ItemGroup>
</Project>